<?xml version="1.0" encoding="utf-8"?>
<Project ToolsVersion="4.0" xmlns="http://schemas.microsoft.com/developer/msbuild/2003">
  <ItemGroup>
    <ClCompile Include="Application.cpp">
      <Filter>Sources</Filter>
    </ClCompile>
    <ClCompile Include="Main.cpp">
      <Filter>Sources</Filter>
    </ClCompile>
    <ClCompile Include="Color.cpp">
      <Filter>Sources\Cosas utiles</Filter>
    </ClCompile>
    <ClCompile Include="glmath.cpp">
      <Filter>Sources\Cosas utiles</Filter>
    </ClCompile>
    <ClCompile Include="log.cpp">
      <Filter>Sources\Cosas utiles</Filter>
    </ClCompile>
    <ClCompile Include="Timer.cpp">
      <Filter>Sources\Cosas utiles\Timer</Filter>
    </ClCompile>
    <ClCompile Include="Light.cpp">
      <Filter>Sources\Graphics</Filter>
    </ClCompile>
    <ClCompile Include="ModuleRenderer3D.cpp">
      <Filter>Sources\Graphics</Filter>
    </ClCompile>
    <ClCompile Include="ModuleWindow.cpp">
      <Filter>Sources\Graphics</Filter>
    </ClCompile>
    <ClCompile Include="ModuleCamera3D.cpp">
      <Filter>Sources\Graphics</Filter>
    </ClCompile>
    <ClCompile Include="ModulePhysics3D.cpp">
      <Filter>Sources\Physics</Filter>
    </ClCompile>
    <ClCompile Include="PhysBody3D.cpp">
      <Filter>Sources\Physics</Filter>
    </ClCompile>
    <ClCompile Include="PhysVehicle3D.cpp">
      <Filter>Sources\Physics</Filter>
    </ClCompile>
    <ClCompile Include="Primitive.cpp">
      <Filter>Sources\Physics</Filter>
    </ClCompile>
    <ClCompile Include="ModuleAudio.cpp">
      <Filter>Sources\Modules</Filter>
    </ClCompile>
    <ClCompile Include="ModuleInput.cpp">
      <Filter>Sources\Modules</Filter>
    </ClCompile>
    <ClCompile Include="ModulePlayer.cpp">
      <Filter>Sources\Gameplay</Filter>
    </ClCompile>
    <ClCompile Include="ModuleSceneIntro.cpp">
      <Filter>Sources\Gameplay</Filter>
    </ClCompile>
  </ItemGroup>
  <ItemGroup>
    <ClInclude Include="Application.h">
      <Filter>Sources</Filter>
    </ClInclude>
    <ClInclude Include="Globals.h">
      <Filter>Sources</Filter>
    </ClInclude>
    <ClInclude Include="Color.h">
      <Filter>Sources\Cosas utiles</Filter>
    </ClInclude>
    <ClInclude Include="glmath.h">
      <Filter>Sources\Cosas utiles</Filter>
    </ClInclude>
    <ClInclude Include="p2DynArray.h">
      <Filter>Sources\Cosas utiles</Filter>
    </ClInclude>
    <ClInclude Include="p2List.h">
      <Filter>Sources\Cosas utiles</Filter>
    </ClInclude>
    <ClInclude Include="p2Point.h">
      <Filter>Sources\Cosas utiles</Filter>
    </ClInclude>
    <ClInclude Include="Timer.h">
      <Filter>Sources\Cosas utiles\Timer</Filter>
    </ClInclude>
    <ClInclude Include="Light.h">
      <Filter>Sources\Graphics</Filter>
    </ClInclude>
    <ClInclude Include="ModuleRenderer3D.h">
      <Filter>Sources\Graphics</Filter>
    </ClInclude>
    <ClInclude Include="ModuleWindow.h">
      <Filter>Sources\Graphics</Filter>
    </ClInclude>
    <ClInclude Include="ModuleCamera3D.h">
      <Filter>Sources\Graphics</Filter>
    </ClInclude>
    <ClInclude Include="ModulePhysics3D.h">
      <Filter>Sources\Physics</Filter>
    </ClInclude>
    <ClInclude Include="PhysBody3D.h">
      <Filter>Sources\Physics</Filter>
    </ClInclude>
    <ClInclude Include="PhysVehicle3D.h">
      <Filter>Sources\Physics</Filter>
    </ClInclude>
    <ClInclude Include="Primitive.h">
      <Filter>Sources\Physics</Filter>
    </ClInclude>
    <ClInclude Include="Module.h">
      <Filter>Sources\Modules</Filter>
    </ClInclude>
    <ClInclude Include="ModuleAudio.h">
      <Filter>Sources\Modules</Filter>
    </ClInclude>
    <ClInclude Include="ModuleInput.h">
      <Filter>Sources\Modules</Filter>
    </ClInclude>
    <ClInclude Include="ModulePlayer.h">
      <Filter>Sources\Gameplay</Filter>
    </ClInclude>
    <ClInclude Include="ModuleSceneIntro.h">
      <Filter>Sources\Gameplay</Filter>
    </ClInclude>
    <ClInclude Include="resource.h">
      <Filter>Resources</Filter>
    </ClInclude>
  </ItemGroup>
  <ItemGroup>
    <Filter Include="Sources">
      <UniqueIdentifier>{77c82dfb-0a16-4dcf-aa48-a8d530e6bdfd}</UniqueIdentifier>
    </Filter>
    <Filter Include="Sources\Cosas utiles">
      <UniqueIdentifier>{a4a3eef1-8011-4fdb-8918-abc87c273c96}</UniqueIdentifier>
    </Filter>
    <Filter Include="Sources\Cosas utiles\Timer">
      <UniqueIdentifier>{1a653962-d2f9-448e-8b2e-e6ea286a4252}</UniqueIdentifier>
    </Filter>
    <Filter Include="Sources\Physics">
      <UniqueIdentifier>{0fd8c2b6-d1c4-4b01-aa03-1e4b3ba7d713}</UniqueIdentifier>
    </Filter>
    <Filter Include="Sources\Modules">
      <UniqueIdentifier>{7160a563-0a95-4b10-a05f-9f835a520629}</UniqueIdentifier>
    </Filter>
    <Filter Include="Sources\Graphics">
      <UniqueIdentifier>{a82c5027-ded8-4f79-beff-c8e399fa9e98}</UniqueIdentifier>
    </Filter>
    <Filter Include="Sources\Gameplay">
      <UniqueIdentifier>{caed3b5a-d947-49f2-a802-7f51244d2cee}</UniqueIdentifier>
    </Filter>
    <Filter Include="Resources">
      <UniqueIdentifier>{d8de4395-6c34-4b90-bb49-04cec04be843}</UniqueIdentifier>
    </Filter>
  </ItemGroup>
  <ItemGroup>
    <ResourceCompile Include="RaceCar-v2.rc">
      <Filter>Resources</Filter>
    </ResourceCompile>
  </ItemGroup>
  <ItemGroup>
    <Image Include="icon1.ico">
      <Filter>Resources</Filter>
    </Image>
  </ItemGroup>
</Project>